
Microsoft Visual Studio Solution File, Format Version 12.00
# Visual Studio Version 17
VisualStudioVersion = 17.10.34916.146
MinimumVisualStudioVersion = 10.0.40219.1
Project("{9A19103F-16F7-4668-BE54-9A1E7A4F7556}") = "FRCovadis", "FRCovadis\FRCovadis.csproj", "{53CE8785-EDF3-4928-B41B-9603E87999E7}"
	ProjectSection(ProjectDependencies) = postProject
		{9F2618CC-09A8-4747-8A29-6621EFCE016B} = {9F2618CC-09A8-4747-8A29-6621EFCE016B}
	EndProjectSection
EndProject
Project("{9A19103F-16F7-4668-BE54-9A1E7A4F7556}") = "FRCovadis.Shared", "FRCovadis.Shared\FRCovadis.Shared.csproj", "{9F2618CC-09A8-4747-8A29-6621EFCE016B}"
EndProject
Project("{9A19103F-16F7-4668-BE54-9A1E7A4F7556}") = "FrontendCovadis", "FrontendCovadis\FrontendCovadis.csproj", "{404D441D-748B-4609-B15B-9B26FE58FC90}"
EndProject
Global
	GlobalSection(SolutionConfigurationPlatforms) = preSolution
		Debug|Any CPU = Debug|Any CPU
		Release|Any CPU = Release|Any CPU
	EndGlobalSection
	GlobalSection(ProjectConfigurationPlatforms) = postSolution
		{53CE8785-EDF3-4928-B41B-9603E87999E7}.Debug|Any CPU.ActiveCfg = Debug|Any CPU
		{53CE8785-EDF3-4928-B41B-9603E87999E7}.Debug|Any CPU.Build.0 = Debug|Any CPU
		{53CE8785-EDF3-4928-B41B-9603E87999E7}.Release|Any CPU.ActiveCfg = Release|Any CPU
		{53CE8785-EDF3-4928-B41B-9603E87999E7}.Release|Any CPU.Build.0 = Release|Any CPU
		{9F2618CC-09A8-4747-8A29-6621EFCE016B}.Debug|Any CPU.ActiveCfg = Debug|Any CPU
		{9F2618CC-09A8-4747-8A29-6621EFCE016B}.Debug|Any CPU.Build.0 = Debug|Any CPU
		{9F2618CC-09A8-4747-8A29-6621EFCE016B}.Release|Any CPU.ActiveCfg = Release|Any CPU
		{9F2618CC-09A8-4747-8A29-6621EFCE016B}.Release|Any CPU.Build.0 = Release|Any CPU
		{404D441D-748B-4609-B15B-9B26FE58FC90}.Debug|Any CPU.ActiveCfg = Debug|Any CPU
		{404D441D-748B-4609-B15B-9B26FE58FC90}.Debug|Any CPU.Build.0 = Debug|Any CPU
		{404D441D-748B-4609-B15B-9B26FE58FC90}.Release|Any CPU.ActiveCfg = Release|Any CPU
		{404D441D-748B-4609-B15B-9B26FE58FC90}.Release|Any CPU.Build.0 = Release|Any CPU
	EndGlobalSection
	GlobalSection(SolutionProperties) = preSolution
		HideSolutionNode = FALSE
	EndGlobalSection
	GlobalSection(ExtensibilityGlobals) = postSolution
		SolutionGuid = {A89EB9CC-0DFF-4B31-A9EF-E53BB41EFFF6}
	EndGlobalSection
EndGlobal
